// !$*UTF8*$!
{
	archiveVersion = 1;
	classes = {
	};
	objectVersion = 56;
	objects = {

/* Begin PBXBuildFile section */
		2CF5B4592A34EA190061DBF4 /* Explore_ThemesApp.swift in Sources */ = {isa = PBXBuildFile; fileRef = 2CF5B4582A34EA190061DBF4 /* Explore_ThemesApp.swift */; };
		2CF5B45B2A34EA190061DBF4 /* MainView.swift in Sources */ = {isa = PBXBuildFile; fileRef = 2CF5B45A2A34EA190061DBF4 /* MainView.swift */; };
		2CF5B45D2A34EA1C0061DBF4 /* Assets.xcassets in Resources */ = {isa = PBXBuildFile; fileRef = 2CF5B45C2A34EA1C0061DBF4 /* Assets.xcassets */; };
		2CF5B4602A34EA1C0061DBF4 /* Preview Assets.xcassets in Resources */ = {isa = PBXBuildFile; fileRef = 2CF5B45F2A34EA1C0061DBF4 /* Preview Assets.xcassets */; };
		2CF5B4682A350E490061DBF4 /* FirebaseAuth in Frameworks */ = {isa = PBXBuildFile; productRef = 2CF5B4672A350E490061DBF4 /* FirebaseAuth */; };
		2CF5B46A2A350E490061DBF4 /* FirebaseFirestore in Frameworks */ = {isa = PBXBuildFile; productRef = 2CF5B4692A350E490061DBF4 /* FirebaseFirestore */; };
		2CF5B46C2A350E490061DBF4 /* FirebaseFirestoreSwift in Frameworks */ = {isa = PBXBuildFile; productRef = 2CF5B46B2A350E490061DBF4 /* FirebaseFirestoreSwift */; };
		2CF5B46E2A350F6C0061DBF4 /* GoogleService-Info.plist in Resources */ = {isa = PBXBuildFile; fileRef = 2CF5B46D2A350F6B0061DBF4 /* GoogleService-Info.plist */; };
		2CF5B47E2A3617360061DBF4 /* ProfileView.swift in Sources */ = {isa = PBXBuildFile; fileRef = 2CF5B47D2A3617360061DBF4 /* ProfileView.swift */; };
		2CF5B4802A3617560061DBF4 /* ToDoListView.swift in Sources */ = {isa = PBXBuildFile; fileRef = 2CF5B47F2A3617560061DBF4 /* ToDoListView.swift */; };
		2CF5B4822A36176F0061DBF4 /* NewItemView.swift in Sources */ = {isa = PBXBuildFile; fileRef = 2CF5B4812A36176F0061DBF4 /* NewItemView.swift */; };
		2CF5B4842A3617840061DBF4 /* LoginView.swift in Sources */ = {isa = PBXBuildFile; fileRef = 2CF5B4832A3617840061DBF4 /* LoginView.swift */; };
		2CF5B4862A3617970061DBF4 /* RegisterView.swift in Sources */ = {isa = PBXBuildFile; fileRef = 2CF5B4852A3617970061DBF4 /* RegisterView.swift */; };
		2CF5B4882A361A120061DBF4 /* User.swift in Sources */ = {isa = PBXBuildFile; fileRef = 2CF5B4872A361A110061DBF4 /* User.swift */; };
		2CF5B48A2A361A3A0061DBF4 /* ToDoListItem.swift in Sources */ = {isa = PBXBuildFile; fileRef = 2CF5B4892A361A390061DBF4 /* ToDoListItem.swift */; };
		2CF5B48C2A361AA70061DBF4 /* MainViewViewModel.swift in Sources */ = {isa = PBXBuildFile; fileRef = 2CF5B48B2A361AA60061DBF4 /* MainViewViewModel.swift */; };
		2CF5B48E2A361AD50061DBF4 /* ProfileViewViewModel.swift in Sources */ = {isa = PBXBuildFile; fileRef = 2CF5B48D2A361AD50061DBF4 /* ProfileViewViewModel.swift */; };
		2CF5B4902A361AE80061DBF4 /* ToDoListViewViewModel.swift in Sources */ = {isa = PBXBuildFile; fileRef = 2CF5B48F2A361AE80061DBF4 /* ToDoListViewViewModel.swift */; };
		2CF5B4922A361AF90061DBF4 /* NewItemViewViewModel.swift in Sources */ = {isa = PBXBuildFile; fileRef = 2CF5B4912A361AF90061DBF4 /* NewItemViewViewModel.swift */; };
		2CF5B4942A361B0B0061DBF4 /* LoginViewViewModel.swift in Sources */ = {isa = PBXBuildFile; fileRef = 2CF5B4932A361B0B0061DBF4 /* LoginViewViewModel.swift */; };
		2CF5B4962A361B210061DBF4 /* RegisterViewViewModel.swift in Sources */ = {isa = PBXBuildFile; fileRef = 2CF5B4952A361B210061DBF4 /* RegisterViewViewModel.swift */; };
		2CF5B4982A361B630061DBF4 /* ToDoListItemView.swift in Sources */ = {isa = PBXBuildFile; fileRef = 2CF5B4972A361B630061DBF4 /* ToDoListItemView.swift */; };
		2CF5B49A2A361B7A0061DBF4 /* ToDoListItemViewViewModel.swift in Sources */ = {isa = PBXBuildFile; fileRef = 2CF5B4992A361B7A0061DBF4 /* ToDoListItemViewViewModel.swift */; };
		2CF5B49C2A36200E0061DBF4 /* HeaderView.swift in Sources */ = {isa = PBXBuildFile; fileRef = 2CF5B49B2A36200E0061DBF4 /* HeaderView.swift */; };
		2CF5B49E2A36467F0061DBF4 /* TLButton.swift in Sources */ = {isa = PBXBuildFile; fileRef = 2CF5B49D2A36467F0061DBF4 /* TLButton.swift */; };
		2CF9DA642A38AC7600CBA45B /* Extensions.swift in Sources */ = {isa = PBXBuildFile; fileRef = 2CF9DA632A38AC7600CBA45B /* Extensions.swift */; };
		2CF9DA662A3A095800CBA45B /* Launch Screen.storyboard in Resources */ = {isa = PBXBuildFile; fileRef = 2CF9DA652A3A095800CBA45B /* Launch Screen.storyboard */; };
/* End PBXBuildFile section */

/* Begin PBXFileReference section */
		2CF5B4552A34EA190061DBF4 /* Explore Themes.app */ = {isa = PBXFileReference; explicitFileType = wrapper.application; includeInIndex = 0; path = "Explore Themes.app"; sourceTree = BUILT_PRODUCTS_DIR; };
		2CF5B4582A34EA190061DBF4 /* Explore_ThemesApp.swift */ = {isa = PBXFileReference; lastKnownFileType = sourcecode.swift; path = Explore_ThemesApp.swift; sourceTree = "<group>"; };
		2CF5B45A2A34EA190061DBF4 /* MainView.swift */ = {isa = PBXFileReference; lastKnownFileType = sourcecode.swift; path = MainView.swift; sourceTree = "<group>"; };
		2CF5B45C2A34EA1C0061DBF4 /* Assets.xcassets */ = {isa = PBXFileReference; lastKnownFileType = folder.assetcatalog; path = Assets.xcassets; sourceTree = "<group>"; };
		2CF5B45F2A34EA1C0061DBF4 /* Preview Assets.xcassets */ = {isa = PBXFileReference; lastKnownFileType = folder.assetcatalog; path = "Preview Assets.xcassets"; sourceTree = "<group>"; };
		2CF5B46D2A350F6B0061DBF4 /* GoogleService-Info.plist */ = {isa = PBXFileReference; fileEncoding = 4; lastKnownFileType = text.plist.xml; path = "GoogleService-Info.plist"; sourceTree = "<group>"; };
		2CF5B47D2A3617360061DBF4 /* ProfileView.swift */ = {isa = PBXFileReference; lastKnownFileType = sourcecode.swift; path = ProfileView.swift; sourceTree = "<group>"; };
		2CF5B47F2A3617560061DBF4 /* ToDoListView.swift */ = {isa = PBXFileReference; lastKnownFileType = sourcecode.swift; path = ToDoListView.swift; sourceTree = "<group>"; };
		2CF5B4812A36176F0061DBF4 /* NewItemView.swift */ = {isa = PBXFileReference; lastKnownFileType = sourcecode.swift; path = NewItemView.swift; sourceTree = "<group>"; };
		2CF5B4832A3617840061DBF4 /* LoginView.swift */ = {isa = PBXFileReference; lastKnownFileType = sourcecode.swift; path = LoginView.swift; sourceTree = "<group>"; };
		2CF5B4852A3617970061DBF4 /* RegisterView.swift */ = {isa = PBXFileReference; lastKnownFileType = sourcecode.swift; path = RegisterView.swift; sourceTree = "<group>"; };
		2CF5B4872A361A110061DBF4 /* User.swift */ = {isa = PBXFileReference; lastKnownFileType = sourcecode.swift; path = User.swift; sourceTree = "<group>"; };
		2CF5B4892A361A390061DBF4 /* ToDoListItem.swift */ = {isa = PBXFileReference; lastKnownFileType = sourcecode.swift; path = ToDoListItem.swift; sourceTree = "<group>"; };
		2CF5B48B2A361AA60061DBF4 /* MainViewViewModel.swift */ = {isa = PBXFileReference; lastKnownFileType = sourcecode.swift; path = MainViewViewModel.swift; sourceTree = "<group>"; };
		2CF5B48D2A361AD50061DBF4 /* ProfileViewViewModel.swift */ = {isa = PBXFileReference; lastKnownFileType = sourcecode.swift; path = ProfileViewViewModel.swift; sourceTree = "<group>"; };
		2CF5B48F2A361AE80061DBF4 /* ToDoListViewViewModel.swift */ = {isa = PBXFileReference; lastKnownFileType = sourcecode.swift; path = ToDoListViewViewModel.swift; sourceTree = "<group>"; };
		2CF5B4912A361AF90061DBF4 /* NewItemViewViewModel.swift */ = {isa = PBXFileReference; lastKnownFileType = sourcecode.swift; path = NewItemViewViewModel.swift; sourceTree = "<group>"; };
		2CF5B4932A361B0B0061DBF4 /* LoginViewViewModel.swift */ = {isa = PBXFileReference; lastKnownFileType = sourcecode.swift; path = LoginViewViewModel.swift; sourceTree = "<group>"; };
		2CF5B4952A361B210061DBF4 /* RegisterViewViewModel.swift */ = {isa = PBXFileReference; lastKnownFileType = sourcecode.swift; path = RegisterViewViewModel.swift; sourceTree = "<group>"; };
		2CF5B4972A361B630061DBF4 /* ToDoListItemView.swift */ = {isa = PBXFileReference; lastKnownFileType = sourcecode.swift; path = ToDoListItemView.swift; sourceTree = "<group>"; };
		2CF5B4992A361B7A0061DBF4 /* ToDoListItemViewViewModel.swift */ = {isa = PBXFileReference; lastKnownFileType = sourcecode.swift; path = ToDoListItemViewViewModel.swift; sourceTree = "<group>"; };
		2CF5B49B2A36200E0061DBF4 /* HeaderView.swift */ = {isa = PBXFileReference; lastKnownFileType = sourcecode.swift; path = HeaderView.swift; sourceTree = "<group>"; };
		2CF5B49D2A36467F0061DBF4 /* TLButton.swift */ = {isa = PBXFileReference; lastKnownFileType = sourcecode.swift; path = TLButton.swift; sourceTree = "<group>"; };
		2CF9DA632A38AC7600CBA45B /* Extensions.swift */ = {isa = PBXFileReference; lastKnownFileType = sourcecode.swift; path = Extensions.swift; sourceTree = "<group>"; };
		2CF9DA652A3A095800CBA45B /* Launch Screen.storyboard */ = {isa = PBXFileReference; lastKnownFileType = file.storyboard; path = "Launch Screen.storyboard"; sourceTree = "<group>"; };
/* End PBXFileReference section */

/* Begin PBXFrameworksBuildPhase section */
		2CF5B4522A34EA190061DBF4 /* Frameworks */ = {
			isa = PBXFrameworksBuildPhase;
			buildActionMask = 2147483647;
			files = (
				2CF5B4682A350E490061DBF4 /* FirebaseAuth in Frameworks */,
				2CF5B46A2A350E490061DBF4 /* FirebaseFirestore in Frameworks */,
				2CF5B46C2A350E490061DBF4 /* FirebaseFirestoreSwift in Frameworks */,
			);
			runOnlyForDeploymentPostprocessing = 0;
		};
/* End PBXFrameworksBuildPhase section */

/* Begin PBXGroup section */
		2CF5B44C2A34EA190061DBF4 = {
			isa = PBXGroup;
			children = (
				2CF5B4572A34EA190061DBF4 /* Explore Themes */,
				2CF5B4562A34EA190061DBF4 /* Products */,
			);
			sourceTree = "<group>";
		};
		2CF5B4562A34EA190061DBF4 /* Products */ = {
			isa = PBXGroup;
			children = (
				2CF5B4552A34EA190061DBF4 /* Explore Themes.app */,
			);
			name = Products;
			sourceTree = "<group>";
		};
		2CF5B4572A34EA190061DBF4 /* Explore Themes */ = {
			isa = PBXGroup;
			children = (
				2CF5B4722A3615CD0061DBF4 /* Other */,
				2CF5B4712A3615B60061DBF4 /* Models */,
				2CF5B4702A3615A90061DBF4 /* ViewModels */,
				2CF5B46F2A3615A10061DBF4 /* Views */,
				2CF5B45E2A34EA1C0061DBF4 /* Preview Content */,
			);
			path = "Explore Themes";
			sourceTree = "<group>";
		};
		2CF5B45E2A34EA1C0061DBF4 /* Preview Content */ = {
			isa = PBXGroup;
			children = (
				2CF5B45F2A34EA1C0061DBF4 /* Preview Assets.xcassets */,
			);
			path = "Preview Content";
			sourceTree = "<group>";
		};
		2CF5B46F2A3615A10061DBF4 /* Views */ = {
			isa = PBXGroup;
			children = (
				2CF5B45A2A34EA190061DBF4 /* MainView.swift */,
				2CF5B47D2A3617360061DBF4 /* ProfileView.swift */,
				2CF5B47F2A3617560061DBF4 /* ToDoListView.swift */,
				2CF5B4972A361B630061DBF4 /* ToDoListItemView.swift */,
				2CF5B4812A36176F0061DBF4 /* NewItemView.swift */,
				2CF5B4832A3617840061DBF4 /* LoginView.swift */,
				2CF5B4852A3617970061DBF4 /* RegisterView.swift */,
				2CF5B49B2A36200E0061DBF4 /* HeaderView.swift */,
				2CF5B49D2A36467F0061DBF4 /* TLButton.swift */,
			);
			path = Views;
			sourceTree = "<group>";
		};
		2CF5B4702A3615A90061DBF4 /* ViewModels */ = {
			isa = PBXGroup;
			children = (
				2CF5B48B2A361AA60061DBF4 /* MainViewViewModel.swift */,
				2CF5B48D2A361AD50061DBF4 /* ProfileViewViewModel.swift */,
				2CF5B4912A361AF90061DBF4 /* NewItemViewViewModel.swift */,
				2CF5B4932A361B0B0061DBF4 /* LoginViewViewModel.swift */,
				2CF5B4952A361B210061DBF4 /* RegisterViewViewModel.swift */,
				2CF5B48F2A361AE80061DBF4 /* ToDoListViewViewModel.swift */,
				2CF5B4992A361B7A0061DBF4 /* ToDoListItemViewViewModel.swift */,
			);
			path = ViewModels;
			sourceTree = "<group>";
		};
		2CF5B4712A3615B60061DBF4 /* Models */ = {
			isa = PBXGroup;
			children = (
				2CF5B4872A361A110061DBF4 /* User.swift */,
				2CF5B4892A361A390061DBF4 /* ToDoListItem.swift */,
			);
			path = Models;
			sourceTree = "<group>";
		};
		2CF5B4722A3615CD0061DBF4 /* Other */ = {
			isa = PBXGroup;
			children = (
				2CF5B45C2A34EA1C0061DBF4 /* Assets.xcassets */,
				2CF5B46D2A350F6B0061DBF4 /* GoogleService-Info.plist */,
				2CF5B4582A34EA190061DBF4 /* Explore_ThemesApp.swift */,
				2CF9DA632A38AC7600CBA45B /* Extensions.swift */,
				2CF9DA652A3A095800CBA45B /* Launch Screen.storyboard */,
			);
			path = Other;
			sourceTree = "<group>";
		};
/* End PBXGroup section */

/* Begin PBXNativeTarget section */
		2CF5B4542A34EA190061DBF4 /* Explore Themes */ = {
			isa = PBXNativeTarget;
			buildConfigurationList = 2CF5B4632A34EA1C0061DBF4 /* Build configuration list for PBXNativeTarget "Explore Themes" */;
			buildPhases = (
				2CF5B4512A34EA190061DBF4 /* Sources */,
				2CF5B4522A34EA190061DBF4 /* Frameworks */,
				2CF5B4532A34EA190061DBF4 /* Resources */,
			);
			buildRules = (
			);
			dependencies = (
			);
			name = "Explore Themes";
			packageProductDependencies = (
				2CF5B4672A350E490061DBF4 /* FirebaseAuth */,
				2CF5B4692A350E490061DBF4 /* FirebaseFirestore */,
				2CF5B46B2A350E490061DBF4 /* FirebaseFirestoreSwift */,
			);
			productName = "Explore Themes";
			productReference = 2CF5B4552A34EA190061DBF4 /* Explore Themes.app */;
			productType = "com.apple.product-type.application";
		};
/* End PBXNativeTarget section */

/* Begin PBXProject section */
		2CF5B44D2A34EA190061DBF4 /* Project object */ = {
			isa = PBXProject;
			attributes = {
				BuildIndependentTargetsInParallel = 1;
				LastSwiftUpdateCheck = 1430;
				LastUpgradeCheck = 1430;
				TargetAttributes = {
					2CF5B4542A34EA190061DBF4 = {
						CreatedOnToolsVersion = 14.3;
					};
				};
			};
			buildConfigurationList = 2CF5B4502A34EA190061DBF4 /* Build configuration list for PBXProject "Explore Themes" */;
			compatibilityVersion = "Xcode 14.0";
			developmentRegion = en;
			hasScannedForEncodings = 0;
			knownRegions = (
				en,
				Base,
			);
			mainGroup = 2CF5B44C2A34EA190061DBF4;
			packageReferences = (
				2CF5B4662A350E490061DBF4 /* XCRemoteSwiftPackageReference "firebase-ios-sdk" */,
			);
			productRefGroup = 2CF5B4562A34EA190061DBF4 /* Products */;
			projectDirPath = "";
			projectRoot = "";
			targets = (
				2CF5B4542A34EA190061DBF4 /* Explore Themes */,
			);
		};
/* End PBXProject section */

/* Begin PBXResourcesBuildPhase section */
		2CF5B4532A34EA190061DBF4 /* Resources */ = {
			isa = PBXResourcesBuildPhase;
			buildActionMask = 2147483647;
			files = (
				2CF5B4602A34EA1C0061DBF4 /* Preview Assets.xcassets in Resources */,
				2CF5B45D2A34EA1C0061DBF4 /* Assets.xcassets in Resources */,
				2CF9DA662A3A095800CBA45B /* Launch Screen.storyboard in Resources */,
				2CF5B46E2A350F6C0061DBF4 /* GoogleService-Info.plist in Resources */,
			);
			runOnlyForDeploymentPostprocessing = 0;
		};
/* End PBXResourcesBuildPhase section */

/* Begin PBXSourcesBuildPhase section */
		2CF5B4512A34EA190061DBF4 /* Sources */ = {
			isa = PBXSourcesBuildPhase;
			buildActionMask = 2147483647;
			files = (
				2CF5B4902A361AE80061DBF4 /* ToDoListViewViewModel.swift in Sources */,
				2CF5B49C2A36200E0061DBF4 /* HeaderView.swift in Sources */,
				2CF5B4942A361B0B0061DBF4 /* LoginViewViewModel.swift in Sources */,
				2CF5B4842A3617840061DBF4 /* LoginView.swift in Sources */,
				2CF5B4862A3617970061DBF4 /* RegisterView.swift in Sources */,
				2CF5B45B2A34EA190061DBF4 /* MainView.swift in Sources */,
				2CF5B4962A361B210061DBF4 /* RegisterViewViewModel.swift in Sources */,
				2CF5B49E2A36467F0061DBF4 /* TLButton.swift in Sources */,
				2CF5B4822A36176F0061DBF4 /* NewItemView.swift in Sources */,
				2CF5B4882A361A120061DBF4 /* User.swift in Sources */,
				2CF5B4802A3617560061DBF4 /* ToDoListView.swift in Sources */,
				2CF5B4922A361AF90061DBF4 /* NewItemViewViewModel.swift in Sources */,
				2CF5B47E2A3617360061DBF4 /* ProfileView.swift in Sources */,
				2CF5B48E2A361AD50061DBF4 /* ProfileViewViewModel.swift in Sources */,
				2CF5B4592A34EA190061DBF4 /* Explore_ThemesApp.swift in Sources */,
				2CF9DA642A38AC7600CBA45B /* Extensions.swift in Sources */,
				2CF5B4982A361B630061DBF4 /* ToDoListItemView.swift in Sources */,
				2CF5B48C2A361AA70061DBF4 /* MainViewViewModel.swift in Sources */,
				2CF5B48A2A361A3A0061DBF4 /* ToDoListItem.swift in Sources */,
				2CF5B49A2A361B7A0061DBF4 /* ToDoListItemViewViewModel.swift in Sources */,
			);
			runOnlyForDeploymentPostprocessing = 0;
		};
/* End PBXSourcesBuildPhase section */

/* Begin XCBuildConfiguration section */
		2CF5B4612A34EA1C0061DBF4 /* Debug */ = {
			isa = XCBuildConfiguration;
			buildSettings = {
				ALWAYS_SEARCH_USER_PATHS = NO;
				CLANG_ANALYZER_NONNULL = YES;
				CLANG_ANALYZER_NUMBER_OBJECT_CONVERSION = YES_AGGRESSIVE;
				CLANG_CXX_LANGUAGE_STANDARD = "gnu++20";
				CLANG_ENABLE_MODULES = YES;
				CLANG_ENABLE_OBJC_ARC = YES;
				CLANG_ENABLE_OBJC_WEAK = YES;
				CLANG_WARN_BLOCK_CAPTURE_AUTORELEASING = YES;
				CLANG_WARN_BOOL_CONVERSION = YES;
				CLANG_WARN_COMMA = YES;
				CLANG_WARN_CONSTANT_CONVERSION = YES;
				CLANG_WARN_DEPRECATED_OBJC_IMPLEMENTATIONS = YES;
				CLANG_WARN_DIRECT_OBJC_ISA_USAGE = YES_ERROR;
				CLANG_WARN_DOCUMENTATION_COMMENTS = YES;
				CLANG_WARN_EMPTY_BODY = YES;
				CLANG_WARN_ENUM_CONVERSION = YES;
				CLANG_WARN_INFINITE_RECURSION = YES;
				CLANG_WARN_INT_CONVERSION = YES;
				CLANG_WARN_NON_LITERAL_NULL_CONVERSION = YES;
				CLANG_WARN_OBJC_IMPLICIT_RETAIN_SELF = YES;
				CLANG_WARN_OBJC_LITERAL_CONVERSION = YES;
				CLANG_WARN_OBJC_ROOT_CLASS = YES_ERROR;
				CLANG_WARN_QUOTED_INCLUDE_IN_FRAMEWORK_HEADER = YES;
				CLANG_WARN_RANGE_LOOP_ANALYSIS = YES;
				CLANG_WARN_STRICT_PROTOTYPES = YES;
				CLANG_WARN_SUSPICIOUS_MOVE = YES;
				CLANG_WARN_UNGUARDED_AVAILABILITY = YES_AGGRESSIVE;
				CLANG_WARN_UNREACHABLE_CODE = YES;
				CLANG_WARN__DUPLICATE_METHOD_MATCH = YES;
				COPY_PHASE_STRIP = NO;
				DEBUG_INFORMATION_FORMAT = dwarf;
				ENABLE_STRICT_OBJC_MSGSEND = YES;
				ENABLE_TESTABILITY = YES;
				GCC_C_LANGUAGE_STANDARD = gnu11;
				GCC_DYNAMIC_NO_PIC = NO;
				GCC_NO_COMMON_BLOCKS = YES;
				GCC_OPTIMIZATION_LEVEL = 0;
				GCC_PREPROCESSOR_DEFINITIONS = (
					"DEBUG=1",
					"$(inherited)",
				);
				GCC_WARN_64_TO_32_BIT_CONVERSION = YES;
				GCC_WARN_ABOUT_RETURN_TYPE = YES_ERROR;
				GCC_WARN_UNDECLARED_SELECTOR = YES;
				GCC_WARN_UNINITIALIZED_AUTOS = YES_AGGRESSIVE;
				GCC_WARN_UNUSED_FUNCTION = YES;
				GCC_WARN_UNUSED_VARIABLE = YES;
				IPHONEOS_DEPLOYMENT_TARGET = 16.4;
				MTL_ENABLE_DEBUG_INFO = INCLUDE_SOURCE;
				MTL_FAST_MATH = YES;
				ONLY_ACTIVE_ARCH = YES;
				SDKROOT = iphoneos;
				SWIFT_ACTIVE_COMPILATION_CONDITIONS = DEBUG;
				SWIFT_OPTIMIZATION_LEVEL = "-Onone";
			};
			name = Debug;
		};
		2CF5B4622A34EA1C0061DBF4 /* Release */ = {
			isa = XCBuildConfiguration;
			buildSettings = {
				ALWAYS_SEARCH_USER_PATHS = NO;
				CLANG_ANALYZER_NONNULL = YES;
				CLANG_ANALYZER_NUMBER_OBJECT_CONVERSION = YES_AGGRESSIVE;
				CLANG_CXX_LANGUAGE_STANDARD = "gnu++20";
				CLANG_ENABLE_MODULES = YES;
				CLANG_ENABLE_OBJC_ARC = YES;
				CLANG_ENABLE_OBJC_WEAK = YES;
				CLANG_WARN_BLOCK_CAPTURE_AUTORELEASING = YES;
				CLANG_WARN_BOOL_CONVERSION = YES;
				CLANG_WARN_COMMA = YES;
				CLANG_WARN_CONSTANT_CONVERSION = YES;
				CLANG_WARN_DEPRECATED_OBJC_IMPLEMENTATIONS = YES;
				CLANG_WARN_DIRECT_OBJC_ISA_USAGE = YES_ERROR;
				CLANG_WARN_DOCUMENTATION_COMMENTS = YES;
				CLANG_WARN_EMPTY_BODY = YES;
				CLANG_WARN_ENUM_CONVERSION = YES;
				CLANG_WARN_INFINITE_RECURSION = YES;
				CLANG_WARN_INT_CONVERSION = YES;
				CLANG_WARN_NON_LITERAL_NULL_CONVERSION = YES;
				CLANG_WARN_OBJC_IMPLICIT_RETAIN_SELF = YES;
				CLANG_WARN_OBJC_LITERAL_CONVERSION = YES;
				CLANG_WARN_OBJC_ROOT_CLASS = YES_ERROR;
				CLANG_WARN_QUOTED_INCLUDE_IN_FRAMEWORK_HEADER = YES;
				CLANG_WARN_RANGE_LOOP_ANALYSIS = YES;
				CLANG_WARN_STRICT_PROTOTYPES = YES;
				CLANG_WARN_SUSPICIOUS_MOVE = YES;
				CLANG_WARN_UNGUARDED_AVAILABILITY = YES_AGGRESSIVE;
				CLANG_WARN_UNREACHABLE_CODE = YES;
				CLANG_WARN__DUPLICATE_METHOD_MATCH = YES;
				COPY_PHASE_STRIP = NO;
				DEBUG_INFORMATION_FORMAT = "dwarf-with-dsym";
				ENABLE_NS_ASSERTIONS = NO;
				ENABLE_STRICT_OBJC_MSGSEND = YES;
				GCC_C_LANGUAGE_STANDARD = gnu11;
				GCC_NO_COMMON_BLOCKS = YES;
				GCC_WARN_64_TO_32_BIT_CONVERSION = YES;
				GCC_WARN_ABOUT_RETURN_TYPE = YES_ERROR;
				GCC_WARN_UNDECLARED_SELECTOR = YES;
				GCC_WARN_UNINITIALIZED_AUTOS = YES_AGGRESSIVE;
				GCC_WARN_UNUSED_FUNCTION = YES;
				GCC_WARN_UNUSED_VARIABLE = YES;
				IPHONEOS_DEPLOYMENT_TARGET = 16.4;
				MTL_ENABLE_DEBUG_INFO = NO;
				MTL_FAST_MATH = YES;
				SDKROOT = iphoneos;
				SWIFT_COMPILATION_MODE = wholemodule;
				SWIFT_OPTIMIZATION_LEVEL = "-O";
				VALIDATE_PRODUCT = YES;
			};
			name = Release;
		};
		2CF5B4642A34EA1C0061DBF4 /* Debug */ = {
			isa = XCBuildConfiguration;
			buildSettings = {
				ASSETCATALOG_COMPILER_APPICON_NAME = AppIcon;
				ASSETCATALOG_COMPILER_GLOBAL_ACCENT_COLOR_NAME = AccentColor;
				CODE_SIGN_STYLE = Automatic;
				CURRENT_PROJECT_VERSION = 1;
				DEVELOPMENT_ASSET_PATHS = "\"Explore Themes/Preview Content\"";
				DEVELOPMENT_TEAM = WCLJH7U85A;
				ENABLE_PREVIEWS = YES;
				GENERATE_INFOPLIST_FILE = YES;
				INFOPLIST_KEY_CFBundleDisplayName = "To Do List";
				INFOPLIST_KEY_UIApplicationSceneManifest_Generation = YES;
				INFOPLIST_KEY_UIApplicationSupportsIndirectInputEvents = YES;
				INFOPLIST_KEY_UILaunchScreen_Generation = YES;
				INFOPLIST_KEY_UILaunchStoryboardName = "Launch Screen.storyboard";
				INFOPLIST_KEY_UISupportedInterfaceOrientations = UIInterfaceOrientationPortrait;
				LD_RUNPATH_SEARCH_PATHS = (
					"$(inherited)",
					"@executable_path/Frameworks",
				);
				MARKETING_VERSION = 1.0;
				PRODUCT_BUNDLE_IDENTIFIER = "SwiftUI-Lab.Explore-Themes";
				PRODUCT_NAME = "$(TARGET_NAME)";
				SWIFT_EMIT_LOC_STRINGS = YES;
				SWIFT_VERSION = 5.0;
				TARGETED_DEVICE_FAMILY = "1,2";
			};
			name = Debug;
		};
		2CF5B4652A34EA1C0061DBF4 /* Release */ = {
			isa = XCBuildConfiguration;
			buildSettings = {
				ASSETCATALOG_COMPILER_APPICON_NAME = AppIcon;
				ASSETCATALOG_COMPILER_GLOBAL_ACCENT_COLOR_NAME = AccentColor;
				CODE_SIGN_STYLE = Automatic;
				CURRENT_PROJECT_VERSION = 1;
				DEVELOPMENT_ASSET_PATHS = "\"Explore Themes/Preview Content\"";
				DEVELOPMENT_TEAM = WCLJH7U85A;
				ENABLE_PREVIEWS = YES;
				GENERATE_INFOPLIST_FILE = YES;
				INFOPLIST_KEY_CFBundleDisplayName = "To Do List";
				INFOPLIST_KEY_UIApplicationSceneManifest_Generation = YES;
				INFOPLIST_KEY_UIApplicationSupportsIndirectInputEvents = YES;
				INFOPLIST_KEY_UILaunchScreen_Generation = YES;
				INFOPLIST_KEY_UILaunchStoryboardName = "Launch Screen.storyboard";
				INFOPLIST_KEY_UISupportedInterfaceOrientations = UIInterfaceOrientationPortrait;
				LD_RUNPATH_SEARCH_PATHS = (
					"$(inherited)",
					"@executable_path/Frameworks",
				);
				MARKETING_VERSION = 1.0;
				PRODUCT_BUNDLE_IDENTIFIER = "SwiftUI-Lab.Explore-Themes";
				PRODUCT_NAME = "$(TARGET_NAME)";
				SWIFT_EMIT_LOC_STRINGS = YES;
				SWIFT_VERSION = 5.0;
				TARGETED_DEVICE_FAMILY = "1,2";
			};
			name = Release;
		};
/* End XCBuildConfiguration section */

/* Begin XCConfigurationList section */
		2CF5B4502A34EA190061DBF4 /* Build configuration list for PBXProject "Explore Themes" */ = {
			isa = XCConfigurationList;
			buildConfigurations = (
				2CF5B4612A34EA1C0061DBF4 /* Debug */,
				2CF5B4622A34EA1C0061DBF4 /* Release */,
			);
			defaultConfigurationIsVisible = 0;
			defaultConfigurationName = Release;
		};
		2CF5B4632A34EA1C0061DBF4 /* Build configuration list for PBXNativeTarget "Explore Themes" */ = {
			isa = XCConfigurationList;
			buildConfigurations = (
				2CF5B4642A34EA1C0061DBF4 /* Debug */,
				2CF5B4652A34EA1C0061DBF4 /* Release */,
			);
			defaultConfigurationIsVisible = 0;
			defaultConfigurationName = Release;
		};
/* End XCConfigurationList section */

/* Begin XCRemoteSwiftPackageReference section */
		2CF5B4662A350E490061DBF4 /* XCRemoteSwiftPackageReference "firebase-ios-sdk" */ = {
			isa = XCRemoteSwiftPackageReference;
			repositoryURL = "https://github.com/firebase/firebase-ios-sdk";
			requirement = {
				kind = upToNextMajorVersion;
				minimumVersion = 10.0.0;
			};
		};
/* End XCRemoteSwiftPackageReference section */

/* Begin XCSwiftPackageProductDependency section */
		2CF5B4672A350E490061DBF4 /* FirebaseAuth */ = {
			isa = XCSwiftPackageProductDependency;
			package = 2CF5B4662A350E490061DBF4 /* XCRemoteSwiftPackageReference "firebase-ios-sdk" */;
			productName = FirebaseAuth;
		};
		2CF5B4692A350E490061DBF4 /* FirebaseFirestore */ = {
			isa = XCSwiftPackageProductDependency;
			package = 2CF5B4662A350E490061DBF4 /* XCRemoteSwiftPackageReference "firebase-ios-sdk" */;
			productName = FirebaseFirestore;
		};
		2CF5B46B2A350E490061DBF4 /* FirebaseFirestoreSwift */ = {
			isa = XCSwiftPackageProductDependency;
			package = 2CF5B4662A350E490061DBF4 /* XCRemoteSwiftPackageReference "firebase-ios-sdk" */;
			productName = FirebaseFirestoreSwift;
		};
/* End XCSwiftPackageProductDependency section */
	};
	rootObject = 2CF5B44D2A34EA190061DBF4 /* Project object */;
}
